
Microsoft Visual Studio Solution File, Format Version 12.00
# Visual Studio Version 16
VisualStudioVersion = 16.0.31025.194
MinimumVisualStudioVersion = 10.0.40219.1
Project("{FAE04EC0-301F-11D3-BF4B-00C04F79EFBC}") = "BitirmeCalismasiAPI", "BitirmeCalismasiAPI\BitirmeCalismasiAPI.csproj", "{5802C4CB-6E46-4867-BFBA-78160F38CB1F}"
EndProject
Global
	GlobalSection(SolutionConfigurationPlatforms) = preSolution
		Debug|Any CPU = Debug|Any CPU
		Release|Any CPU = Release|Any CPU
	EndGlobalSection
	GlobalSection(ProjectConfigurationPlatforms) = postSolution
		{5802C4CB-6E46-4867-BFBA-78160F38CB1F}.Debug|Any CPU.ActiveCfg = Debug|Any CPU
		{5802C4CB-6E46-4867-BFBA-78160F38CB1F}.Debug|Any CPU.Build.0 = Debug|Any CPU
		{5802C4CB-6E46-4867-BFBA-78160F38CB1F}.Release|Any CPU.ActiveCfg = Release|Any CPU
		{5802C4CB-6E46-4867-BFBA-78160F38CB1F}.Release|Any CPU.Build.0 = Release|Any CPU
	EndGlobalSection
	GlobalSection(SolutionProperties) = preSolution
		HideSolutionNode = FALSE
	EndGlobalSection
	GlobalSection(ExtensibilityGlobals) = postSolution
		SolutionGuid = {755A398D-8C58-4794-93FB-978CC7166EF8}
	EndGlobalSection
EndGlobal
